Microsoft Visual Studio Solution File, Format Version 12.00
# Visual Studio Version 17
VisualStudioVersion = 17.5.2.0
MinimumVisualStudioVersion = 10.0.40219.1
Project("{FAE04EC0-301F-11D3-BF4B-00C04F79EFBC}") = "OGE_1", "OGE_1.csproj", "{76ADF03E-29EC-FD50-7FD7-8E7997461DC7}"
EndProject
Global
	GlobalSection(SolutionConfigurationPlatforms) = preSolution
		Debug|Any CPU = Debug|Any CPU
		Release|Any CPU = Release|Any CPU
	EndGlobalSection
	GlobalSection(ProjectConfigurationPlatforms) = postSolution
		{76ADF03E-29EC-FD50-7FD7-8E7997461DC7}.Debug|Any CPU.ActiveCfg = Debug|Any CPU
		{76ADF03E-29EC-FD50-7FD7-8E7997461DC7}.Debug|Any CPU.Build.0 = Debug|Any CPU
		{76ADF03E-29EC-FD50-7FD7-8E7997461DC7}.Release|Any CPU.ActiveCfg = Release|Any CPU
		{76ADF03E-29EC-FD50-7FD7-8E7997461DC7}.Release|Any CPU.Build.0 = Release|Any CPU
	EndGlobalSection
	GlobalSection(SolutionProperties) = preSolution
		HideSolutionNode = FALSE
	EndGlobalSection
	GlobalSection(ExtensibilityGlobals) = postSolution
		SolutionGuid = {BCE49F29-E523-4BF2-B79F-D858B2BEF004}
	EndGlobalSection
EndGlobal
